{
  "requires": true,
  "lockfileVersion": 1,
  "dependencies": {
    "normalize-strings": {
      "version": "1.1.0",
      "resolved": "https://registry.npmjs.org/normalize-strings/-/normalize-strings-1.1.0.tgz",
      "integrity": "sha1-skp17UgXY5RAT3Rkm1y4BA6JmnU="
    },
    "pluralize": {
      "version": "8.0.0",
      "resolved": "https://registry.npmjs.org/pluralize/-/pluralize-8.0.0.tgz",
      "integrity": "sha512-Nc3IT5yHzflTfbjgqWcCPpo7DaKy4FnpB0l/zCAW0Tc7jxAiuqSxHasntB3D7887LSrA93kDJ9IXovxJYxyLCA=="
    },
    "syllable": {
      "version": "4.0.0",
      "resolved": "https://registry.npmjs.org/syllable/-/syllable-4.0.0.tgz",
      "integrity": "sha512-UGVLrTs1usXGsCSO2HFyoi7tWjHPGjDb4NFHl5MZB8c9edZA5Zd3JBgz58vWsajnSgc5tTHK06UYkc1drwUz+A==",
      "requires": {
        "normalize-strings": "^1.1.0",
        "pluralize": "^8.0.0"
      }
    }
  }
}
